
Microsoft Visual Studio Solution File, Format Version 12.00
# Visual Studio Version 17
VisualStudioVersion = 17.2.32516.85
MinimumVisualStudioVersion = 10.0.40219.1
Project("{FAE04EC0-301F-11D3-BF4B-00C04F79EFBC}") = "WPF_BasicShapefileCanvas", "WPF_BasicShapefileCanvas.csproj", "{A09FF2E9-2970-43E0-BE45-92F12E667AB5}"
EndProject
Global
	GlobalSection(SolutionConfigurationPlatforms) = preSolution
		Debug|Any CPU = Debug|Any CPU
		Release|Any CPU = Release|Any CPU
	EndGlobalSection
	GlobalSection(ProjectConfigurationPlatforms) = postSolution
		{A09FF2E9-2970-43E0-BE45-92F12E667AB5}.Debug|Any CPU.ActiveCfg = Debug|Any CPU
		{A09FF2E9-2970-43E0-BE45-92F12E667AB5}.Debug|Any CPU.Build.0 = Debug|Any CPU
		{A09FF2E9-2970-43E0-BE45-92F12E667AB5}.Release|Any CPU.ActiveCfg = Release|Any CPU
		{A09FF2E9-2970-43E0-BE45-92F12E667AB5}.Release|Any CPU.Build.0 = Release|Any CPU
	EndGlobalSection
	GlobalSection(SolutionProperties) = preSolution
		HideSolutionNode = FALSE
	EndGlobalSection
	GlobalSection(ExtensibilityGlobals) = postSolution
		SolutionGuid = {696C4AAD-3DE7-4FAF-B2E4-5C6C0EDB47D8}
	EndGlobalSection
EndGlobal
